
Microsoft Visual Studio Solution File, Format Version 12.00
# Visual Studio Version 17
VisualStudioVersion = 17.7.34031.279
MinimumVisualStudioVersion = 10.0.40219.1
Project("{FAE04EC0-301F-11D3-BF4B-00C04F79EFBC}") = "VotingSystemByZee", "VotingSystemByZee.csproj", "{2DDF49D6-6F37-4A02-B353-B663A33A58F6}"
EndProject
Global
	GlobalSection(SolutionConfigurationPlatforms) = preSolution
		Debug|Any CPU = Debug|Any CPU
		Release|Any CPU = Release|Any CPU
	EndGlobalSection
	GlobalSection(ProjectConfigurationPlatforms) = postSolution
		{2DDF49D6-6F37-4A02-B353-B663A33A58F6}.Debug|Any CPU.ActiveCfg = Debug|Any CPU
		{2DDF49D6-6F37-4A02-B353-B663A33A58F6}.Debug|Any CPU.Build.0 = Debug|Any CPU
		{2DDF49D6-6F37-4A02-B353-B663A33A58F6}.Release|Any CPU.ActiveCfg = Release|Any CPU
		{2DDF49D6-6F37-4A02-B353-B663A33A58F6}.Release|Any CPU.Build.0 = Release|Any CPU
	EndGlobalSection
	GlobalSection(SolutionProperties) = preSolution
		HideSolutionNode = FALSE
	EndGlobalSection
	GlobalSection(ExtensibilityGlobals) = postSolution
		SolutionGuid = {B9FB9D1D-9033-43B7-B14E-32ADBF19E953}
	EndGlobalSection
EndGlobal
